
Microsoft Visual Studio Solution File, Format Version 12.00
# Visual Studio Version 17
VisualStudioVersion = 17.14.36623.8 d17.14
MinimumVisualStudioVersion = 10.0.40219.1
Project("{FAE04EC0-301F-11D3-BF4B-00C04F79EFBC}") = "EstudiantesApi", "EstudiantesApi\EstudiantesApi.csproj", "{8568C63B-D08B-4057-96FC-579B1249FB96}"
EndProject
Global
	GlobalSection(SolutionConfigurationPlatforms) = preSolution
		Debug|Any CPU = Debug|Any CPU
		Release|Any CPU = Release|Any CPU
	EndGlobalSection
	GlobalSection(ProjectConfigurationPlatforms) = postSolution
		{8568C63B-D08B-4057-96FC-579B1249FB96}.Debug|Any CPU.ActiveCfg = Debug|Any CPU
		{8568C63B-D08B-4057-96FC-579B1249FB96}.Debug|Any CPU.Build.0 = Debug|Any CPU
		{8568C63B-D08B-4057-96FC-579B1249FB96}.Release|Any CPU.ActiveCfg = Release|Any CPU
		{8568C63B-D08B-4057-96FC-579B1249FB96}.Release|Any CPU.Build.0 = Release|Any CPU
	EndGlobalSection
	GlobalSection(SolutionProperties) = preSolution
		HideSolutionNode = FALSE
	EndGlobalSection
	GlobalSection(ExtensibilityGlobals) = postSolution
		SolutionGuid = {B4BCA083-1B4B-49DD-AEBE-7BD5D7BD0887}
	EndGlobalSection
EndGlobal
